
Microsoft Visual Studio Solution File, Format Version 12.00
# Visual Studio Version 17
VisualStudioVersion = 17.14.36221.1 d17.14
MinimumVisualStudioVersion = 10.0.40219.1
Project("{FAE04EC0-301F-11D3-BF4B-00C04F79EFBC}") = "Delegates", "Delegates\Delegates.csproj", "{1125F0EF-0E3B-4F61-9BB0-E3503F7CDDFC}"
EndProject
Global
	GlobalSection(SolutionConfigurationPlatforms) = preSolution
		Debug|Any CPU = Debug|Any CPU
		Release|Any CPU = Release|Any CPU
	EndGlobalSection
	GlobalSection(ProjectConfigurationPlatforms) = postSolution
		{1125F0EF-0E3B-4F61-9BB0-E3503F7CDDFC}.Debug|Any CPU.ActiveCfg = Debug|Any CPU
		{1125F0EF-0E3B-4F61-9BB0-E3503F7CDDFC}.Debug|Any CPU.Build.0 = Debug|Any CPU
		{1125F0EF-0E3B-4F61-9BB0-E3503F7CDDFC}.Release|Any CPU.ActiveCfg = Release|Any CPU
		{1125F0EF-0E3B-4F61-9BB0-E3503F7CDDFC}.Release|Any CPU.Build.0 = Release|Any CPU
	EndGlobalSection
	GlobalSection(SolutionProperties) = preSolution
		HideSolutionNode = FALSE
	EndGlobalSection
	GlobalSection(ExtensibilityGlobals) = postSolution
		SolutionGuid = {9E7B8283-2D88-4C8C-A2A0-6BB70CE54EE8}
	EndGlobalSection
EndGlobal
