
Microsoft Visual Studio Solution File, Format Version 12.00
# Visual Studio Version 17
VisualStudioVersion = 17.14.36221.1 d17.14
MinimumVisualStudioVersion = 10.0.40219.1
Project("{FAE04EC0-301F-11D3-BF4B-00C04F79EFBC}") = "Events", "Events.csproj", "{4CF57DEF-0C81-4133-9C9A-256060D85898}"
EndProject
Global
	GlobalSection(SolutionConfigurationPlatforms) = preSolution
		Debug|Any CPU = Debug|Any CPU
		Release|Any CPU = Release|Any CPU
	EndGlobalSection
	GlobalSection(ProjectConfigurationPlatforms) = postSolution
		{4CF57DEF-0C81-4133-9C9A-256060D85898}.Debug|Any CPU.ActiveCfg = Debug|Any CPU
		{4CF57DEF-0C81-4133-9C9A-256060D85898}.Debug|Any CPU.Build.0 = Debug|Any CPU
		{4CF57DEF-0C81-4133-9C9A-256060D85898}.Release|Any CPU.ActiveCfg = Release|Any CPU
		{4CF57DEF-0C81-4133-9C9A-256060D85898}.Release|Any CPU.Build.0 = Release|Any CPU
	EndGlobalSection
	GlobalSection(SolutionProperties) = preSolution
		HideSolutionNode = FALSE
	EndGlobalSection
	GlobalSection(ExtensibilityGlobals) = postSolution
		SolutionGuid = {EEEADAF1-20CD-4452-8ADD-4601CCCAD8F6}
	EndGlobalSection
EndGlobal
